
Microsoft Visual Studio Solution File, Format Version 12.00
# Visual Studio 2015
Project("{FAE04EC0-301F-11D3-BF4B-00C04F79EFBC}") = "Automous_Agents.CSharp", "Automous_Agents.CSharp.csproj", "{3A34A80D-F4B8-9EAB-4184-4E47E0032ADE}"
EndProject
Project("{FAE04EC0-301F-11D3-BF4B-00C04F79EFBC}") = "Automous_Agents.CSharp.Editor", "Automous_Agents.CSharp.Editor.csproj", "{45EA4B59-BD3B-8B85-10D7-88A29215C7C8}"
EndProject
Global
	GlobalSection(SolutionConfigurationPlatforms) = preSolution
		Debug|Any CPU = Debug|Any CPU
		Release|Any CPU = Release|Any CPU
	EndGlobalSection
	GlobalSection(ProjectConfigurationPlatforms) = postSolution
		{3A34A80D-F4B8-9EAB-4184-4E47E0032ADE}.Debug|Any CPU.ActiveCfg = Debug|Any CPU
		{3A34A80D-F4B8-9EAB-4184-4E47E0032ADE}.Debug|Any CPU.Build.0 = Debug|Any CPU
		{3A34A80D-F4B8-9EAB-4184-4E47E0032ADE}.Release|Any CPU.ActiveCfg = Release|Any CPU
		{3A34A80D-F4B8-9EAB-4184-4E47E0032ADE}.Release|Any CPU.Build.0 = Release|Any CPU
		{45EA4B59-BD3B-8B85-10D7-88A29215C7C8}.Debug|Any CPU.ActiveCfg = Debug|Any CPU
		{45EA4B59-BD3B-8B85-10D7-88A29215C7C8}.Debug|Any CPU.Build.0 = Debug|Any CPU
		{45EA4B59-BD3B-8B85-10D7-88A29215C7C8}.Release|Any CPU.ActiveCfg = Release|Any CPU
		{45EA4B59-BD3B-8B85-10D7-88A29215C7C8}.Release|Any CPU.Build.0 = Release|Any CPU
	EndGlobalSection
	GlobalSection(SolutionProperties) = preSolution
		HideSolutionNode = FALSE
	EndGlobalSection
EndGlobal
